// !$*UTF8*$!
{
	archiveVersion = 1;
	classes = {
	};
	objectVersion = 48;
	objects = {

/* Begin PBXBuildFile section */
		6E62D078FEC63F8943A22953 /* Pods_ADXLibrary_iOSSample_Swift.framework in Frameworks */ = {isa = PBXBuildFile; fileRef = F2C76B2EEFD3EE2F5BF70D1D /* Pods_ADXLibrary_iOSSample_Swift.framework */; };
		FD0D728220185A830054F766 /* AppDelegate.swift in Sources */ = {isa = PBXBuildFile; fileRef = FD0D728120185A830054F766 /* AppDelegate.swift */; };
		FD0D728420185A830054F766 /* ViewController.swift in Sources */ = {isa = PBXBuildFile; fileRef = FD0D728320185A830054F766 /* ViewController.swift */; };
		FD0D728720185A830054F766 /* Main.storyboard in Resources */ = {isa = PBXBuildFile; fileRef = FD0D728520185A830054F766 /* Main.storyboard */; };
		FD0D728920185A830054F766 /* Assets.xcassets in Resources */ = {isa = PBXBuildFile; fileRef = FD0D728820185A830054F766 /* Assets.xcassets */; };
		FD0D728C20185A830054F766 /* LaunchScreen.storyboard in Resources */ = {isa = PBXBuildFile; fileRef = FD0D728A20185A830054F766 /* LaunchScreen.storyboard */; };
		FD7B276B201861B5008DC676 /* ADXBannerViewController.swift in Sources */ = {isa = PBXBuildFile; fileRef = FD7B276A201861B5008DC676 /* ADXBannerViewController.swift */; };
		FD7B276D201861C7008DC676 /* ADXFullScreenViewController.swift in Sources */ = {isa = PBXBuildFile; fileRef = FD7B276C201861C7008DC676 /* ADXFullScreenViewController.swift */; };
		FD7B276F201861DC008DC676 /* ADXNativeAdViewController.swift in Sources */ = {isa = PBXBuildFile; fileRef = FD7B276E201861DC008DC676 /* ADXNativeAdViewController.swift */; };
		FD7B2771201861F1008DC676 /* ADXNativeAdPlacerViewController.swift in Sources */ = {isa = PBXBuildFile; fileRef = FD7B2770201861F1008DC676 /* ADXNativeAdPlacerViewController.swift */; };
		FD7B277720186845008DC676 /* NativeAdView.xib in Resources */ = {isa = PBXBuildFile; fileRef = FD7B277620186845008DC676 /* NativeAdView.xib */; };
		FDBEFB4A20188968004155D0 /* NativeView.swift in Sources */ = {isa = PBXBuildFile; fileRef = FDBEFB4920188968004155D0 /* NativeView.swift */; };
		FDE5F50C2077633A00D14429 /* ADXRewardViewController.swift in Sources */ = {isa = PBXBuildFile; fileRef = FDE5F50B2077633A00D14429 /* ADXRewardViewController.swift */; };
		FDE5F50E207763DB00D14429 /* ADXAppWallViewController.swift in Sources */ = {isa = PBXBuildFile; fileRef = FDE5F50D207763DB00D14429 /* ADXAppWallViewController.swift */; };
/* End PBXBuildFile section */

/* Begin PBXFileReference section */
		E4FA98721727C97E25DD0A2B /* Pods-ADXLibrary_iOSSample_Swift.release.xcconfig */ = {isa = PBXFileReference; includeInIndex = 1; lastKnownFileType = text.xcconfig; name = "Pods-ADXLibrary_iOSSample_Swift.release.xcconfig"; path = "Pods/Target Support Files/Pods-ADXLibrary_iOSSample_Swift/Pods-ADXLibrary_iOSSample_Swift.release.xcconfig"; sourceTree = "<group>"; };
		F2C76B2EEFD3EE2F5BF70D1D /* Pods_ADXLibrary_iOSSample_Swift.framework */ = {isa = PBXFileReference; explicitFileType = wrapper.framework; includeInIndex = 0; path = Pods_ADXLibrary_iOSSample_Swift.framework; sourceTree = BUILT_PRODUCTS_DIR; };
		F385CEB2A965661614E6B73E /* Pods-ADXLibrary_iOSSample_Swift.debug.xcconfig */ = {isa = PBXFileReference; includeInIndex = 1; lastKnownFileType = text.xcconfig; name = "Pods-ADXLibrary_iOSSample_Swift.debug.xcconfig"; path = "Pods/Target Support Files/Pods-ADXLibrary_iOSSample_Swift/Pods-ADXLibrary_iOSSample_Swift.debug.xcconfig"; sourceTree = "<group>"; };
		FD0D727E20185A830054F766 /* ADXLibrary_iOSSample_Swift.app */ = {isa = PBXFileReference; explicitFileType = wrapper.application; includeInIndex = 0; path = ADXLibrary_iOSSample_Swift.app; sourceTree = BUILT_PRODUCTS_DIR; };
		FD0D728120185A830054F766 /* AppDelegate.swift */ = {isa = PBXFileReference; lastKnownFileType = sourcecode.swift; path = AppDelegate.swift; sourceTree = "<group>"; };
		FD0D728320185A830054F766 /* ViewController.swift */ = {isa = PBXFileReference; lastKnownFileType = sourcecode.swift; path = ViewController.swift; sourceTree = "<group>"; };
		FD0D728620185A830054F766 /* Base */ = {isa = PBXFileReference; lastKnownFileType = file.storyboard; name = Base; path = Base.lproj/Main.storyboard; sourceTree = "<group>"; };
		FD0D728820185A830054F766 /* Assets.xcassets */ = {isa = PBXFileReference; lastKnownFileType = folder.assetcatalog; path = Assets.xcassets; sourceTree = "<group>"; };
		FD0D728B20185A830054F766 /* Base */ = {isa = PBXFileReference; lastKnownFileType = file.storyboard; name = Base; path = Base.lproj/LaunchScreen.storyboard; sourceTree = "<group>"; };
		FD0D728D20185A830054F766 /* Info.plist */ = {isa = PBXFileReference; lastKnownFileType = text.plist.xml; path = Info.plist; sourceTree = "<group>"; };
		FD0D729320185D370054F766 /* MVSDKInterstitial.framework */ = {isa = PBXFileReference; lastKnownFileType = wrapper.framework; name = MVSDKInterstitial.framework; path = Pods/ADXLibrary/ADXLibrary/Dependencies/MVSDKInterstitial.framework; sourceTree = "<group>"; };
		FD0D729420185D370054F766 /* UnityAds.framework */ = {isa = PBXFileReference; lastKnownFileType = wrapper.framework; name = UnityAds.framework; path = Pods/ADXLibrary/ADXLibrary/Dependencies/UnityAds.framework; sourceTree = "<group>"; };
		FD0D729520185D370054F766 /* MVSDK.framework */ = {isa = PBXFileReference; lastKnownFileType = wrapper.framework; name = MVSDK.framework; path = Pods/ADXLibrary/ADXLibrary/Dependencies/MVSDK.framework; sourceTree = "<group>"; };
		FD0D729620185D370054F766 /* GoogleMobileAds.framework */ = {isa = PBXFileReference; lastKnownFileType = wrapper.framework; name = GoogleMobileAds.framework; path = Pods/ADXLibrary/ADXLibrary/Dependencies/GoogleMobileAds.framework; sourceTree = "<group>"; };
		FD0D729720185D370054F766 /* MVSDKAppWall.framework */ = {isa = PBXFileReference; lastKnownFileType = wrapper.framework; name = MVSDKAppWall.framework; path = Pods/ADXLibrary/ADXLibrary/Dependencies/MVSDKAppWall.framework; sourceTree = "<group>"; };
		FD0D729820185D370054F766 /* CTSDK.framework */ = {isa = PBXFileReference; lastKnownFileType = wrapper.framework; name = CTSDK.framework; path = Pods/ADXLibrary/ADXLibrary/Dependencies/CTSDK.framework; sourceTree = "<group>"; };
		FD0D729920185D370054F766 /* MVSDKReward.framework */ = {isa = PBXFileReference; lastKnownFileType = wrapper.framework; name = MVSDKReward.framework; path = Pods/ADXLibrary/ADXLibrary/Dependencies/MVSDKReward.framework; sourceTree = "<group>"; };
		FD7B276A201861B5008DC676 /* ADXBannerViewController.swift */ = {isa = PBXFileReference; lastKnownFileType = sourcecode.swift; path = ADXBannerViewController.swift; sourceTree = "<group>"; };
		FD7B276C201861C7008DC676 /* ADXFullScreenViewController.swift */ = {isa = PBXFileReference; lastKnownFileType = sourcecode.swift; path = ADXFullScreenViewController.swift; sourceTree = "<group>"; };
		FD7B276E201861DC008DC676 /* ADXNativeAdViewController.swift */ = {isa = PBXFileReference; lastKnownFileType = sourcecode.swift; path = ADXNativeAdViewController.swift; sourceTree = "<group>"; };
		FD7B2770201861F1008DC676 /* ADXNativeAdPlacerViewController.swift */ = {isa = PBXFileReference; lastKnownFileType = sourcecode.swift; path = ADXNativeAdPlacerViewController.swift; sourceTree = "<group>"; };
		FD7B277620186845008DC676 /* NativeAdView.xib */ = {isa = PBXFileReference; fileEncoding = 4; lastKnownFileType = file.xib; path = NativeAdView.xib; sourceTree = "<group>"; };
		FDBEFB4920188968004155D0 /* NativeView.swift */ = {isa = PBXFileReference; fileEncoding = 4; lastKnownFileType = sourcecode.swift; path = NativeView.swift; sourceTree = "<group>"; };
		FDE5F50B2077633A00D14429 /* ADXRewardViewController.swift */ = {isa = PBXFileReference; lastKnownFileType = sourcecode.swift; path = ADXRewardViewController.swift; sourceTree = "<group>"; };
		FDE5F50D207763DB00D14429 /* ADXAppWallViewController.swift */ = {isa = PBXFileReference; lastKnownFileType = sourcecode.swift; path = ADXAppWallViewController.swift; sourceTree = "<group>"; };
/* End PBXFileReference section */

/* Begin PBXFrameworksBuildPhase section */
		FD0D727B20185A830054F766 /* Frameworks */ = {
			isa = PBXFrameworksBuildPhase;
			buildActionMask = 2147483647;
			files = (
				6E62D078FEC63F8943A22953 /* Pods_ADXLibrary_iOSSample_Swift.framework in Frameworks */,
			);
			runOnlyForDeploymentPostprocessing = 0;
		};
/* End PBXFrameworksBuildPhase section */

/* Begin PBXGroup section */
		5B0420C63E499343471E46FC /* Frameworks */ = {
			isa = PBXGroup;
			children = (
				FD0D729820185D370054F766 /* CTSDK.framework */,
				FD0D729620185D370054F766 /* GoogleMobileAds.framework */,
				FD0D729520185D370054F766 /* MVSDK.framework */,
				FD0D729720185D370054F766 /* MVSDKAppWall.framework */,
				FD0D729320185D370054F766 /* MVSDKInterstitial.framework */,
				FD0D729920185D370054F766 /* MVSDKReward.framework */,
				FD0D729420185D370054F766 /* UnityAds.framework */,
				F2C76B2EEFD3EE2F5BF70D1D /* Pods_ADXLibrary_iOSSample_Swift.framework */,
			);
			name = Frameworks;
			sourceTree = "<group>";
		};
		CA0303D21B763DC34565485F /* Pods */ = {
			isa = PBXGroup;
			children = (
				F385CEB2A965661614E6B73E /* Pods-ADXLibrary_iOSSample_Swift.debug.xcconfig */,
				E4FA98721727C97E25DD0A2B /* Pods-ADXLibrary_iOSSample_Swift.release.xcconfig */,
			);
			name = Pods;
			sourceTree = "<group>";
		};
		FD0D727520185A830054F766 = {
			isa = PBXGroup;
			children = (
				FD0D728020185A830054F766 /* ADXLibrary_iOSSample_Swift */,
				FD0D727F20185A830054F766 /* Products */,
				CA0303D21B763DC34565485F /* Pods */,
				5B0420C63E499343471E46FC /* Frameworks */,
			);
			sourceTree = "<group>";
		};
		FD0D727F20185A830054F766 /* Products */ = {
			isa = PBXGroup;
			children = (
				FD0D727E20185A830054F766 /* ADXLibrary_iOSSample_Swift.app */,
			);
			name = Products;
			sourceTree = "<group>";
		};
		FD0D728020185A830054F766 /* ADXLibrary_iOSSample_Swift */ = {
			isa = PBXGroup;
			children = (
				FD7B2772201867FD008DC676 /* NativeView */,
				FD7B27692018619C008DC676 /* ADXController */,
				FD0D728120185A830054F766 /* AppDelegate.swift */,
				FD0D728320185A830054F766 /* ViewController.swift */,
				FD0D728520185A830054F766 /* Main.storyboard */,
				FD0D728820185A830054F766 /* Assets.xcassets */,
				FD0D728A20185A830054F766 /* LaunchScreen.storyboard */,
				FD0D728D20185A830054F766 /* Info.plist */,
			);
			path = ADXLibrary_iOSSample_Swift;
			sourceTree = "<group>";
		};
		FD7B27692018619C008DC676 /* ADXController */ = {
			isa = PBXGroup;
			children = (
				FD7B276A201861B5008DC676 /* ADXBannerViewController.swift */,
				FD7B276C201861C7008DC676 /* ADXFullScreenViewController.swift */,
				FD7B276E201861DC008DC676 /* ADXNativeAdViewController.swift */,
				FD7B2770201861F1008DC676 /* ADXNativeAdPlacerViewController.swift */,
				FDE5F50B2077633A00D14429 /* ADXRewardViewController.swift */,
				FDE5F50D207763DB00D14429 /* ADXAppWallViewController.swift */,
			);
			path = ADXController;
			sourceTree = "<group>";
		};
		FD7B2772201867FD008DC676 /* NativeView */ = {
			isa = PBXGroup;
			children = (
				FDBEFB4920188968004155D0 /* NativeView.swift */,
				FD7B277620186845008DC676 /* NativeAdView.xib */,
			);
			path = NativeView;
			sourceTree = "<group>";
		};
/* End PBXGroup section */

/* Begin PBXNativeTarget section */
		FD0D727D20185A830054F766 /* ADXLibrary_iOSSample_Swift */ = {
			isa = PBXNativeTarget;
			buildConfigurationList = FD0D729020185A830054F766 /* Build configuration list for PBXNativeTarget "ADXLibrary_iOSSample_Swift" */;
			buildPhases = (
				AAD54C37840A65EF4F81E39A /* [CP] Check Pods Manifest.lock */,
				FD0D727A20185A830054F766 /* Sources */,
				FD0D727B20185A830054F766 /* Frameworks */,
				FD0D727C20185A830054F766 /* Resources */,
				9527CC45F9C40E976BC3F8D9 /* [CP] Embed Pods Frameworks */,
			);
			buildRules = (
			);
			dependencies = (
			);
			name = ADXLibrary_iOSSample_Swift;
			productName = ADXLibrary_iOSSample_Swift;
			productReference = FD0D727E20185A830054F766 /* ADXLibrary_iOSSample_Swift.app */;
			productType = "com.apple.product-type.application";
		};
/* End PBXNativeTarget section */

/* Begin PBXProject section */
		FD0D727620185A830054F766 /* Project object */ = {
			isa = PBXProject;
			attributes = {
				LastSwiftUpdateCheck = 0920;
				LastUpgradeCheck = 0920;
				ORGANIZATIONNAME = "Eleanor Choi";
				TargetAttributes = {
					FD0D727D20185A830054F766 = {
						CreatedOnToolsVersion = 9.2;
						LastSwiftMigration = 0920;
						ProvisioningStyle = Automatic;
					};
				};
			};
			buildConfigurationList = FD0D727920185A830054F766 /* Build configuration list for PBXProject "ADXLibrary_iOSSample_Swift" */;
			compatibilityVersion = "Xcode 8.0";
			developmentRegion = en;
			hasScannedForEncodings = 0;
			knownRegions = (
				en,
				Base,
			);
			mainGroup = FD0D727520185A830054F766;
			productRefGroup = FD0D727F20185A830054F766 /* Products */;
			projectDirPath = "";
			projectRoot = "";
			targets = (
				FD0D727D20185A830054F766 /* ADXLibrary_iOSSample_Swift */,
			);
		};
/* End PBXProject section */

/* Begin PBXResourcesBuildPhase section */
		FD0D727C20185A830054F766 /* Resources */ = {
			isa = PBXResourcesBuildPhase;
			buildActionMask = 2147483647;
			files = (
				FD7B277720186845008DC676 /* NativeAdView.xib in Resources */,
				FD0D728C20185A830054F766 /* LaunchScreen.storyboard in Resources */,
				FD0D728920185A830054F766 /* Assets.xcassets in Resources */,
				FD0D728720185A830054F766 /* Main.storyboard in Resources */,
			);
			runOnlyForDeploymentPostprocessing = 0;
		};
/* End PBXResourcesBuildPhase section */

/* Begin PBXShellScriptBuildPhase section */
		9527CC45F9C40E976BC3F8D9 /* [CP] Embed Pods Frameworks */ = {
			isa = PBXShellScriptBuildPhase;
			buildActionMask = 2147483647;
			files = (
			);
			inputPaths = (
				"${SRCROOT}/Pods/Target Support Files/Pods-ADXLibrary_iOSSample_Swift/Pods-ADXLibrary_iOSSample_Swift-frameworks.sh",
				"${BUILT_PRODUCTS_DIR}/ADXLibrary/ADXLibrary.framework",
				"${BUILT_PRODUCTS_DIR}/mopub-ios-sdk/MoPub.framework",
			);
			name = "[CP] Embed Pods Frameworks";
			outputPaths = (
				"${TARGET_BUILD_DIR}/${FRAMEWORKS_FOLDER_PATH}/ADXLibrary.framework",
				"${TARGET_BUILD_DIR}/${FRAMEWORKS_FOLDER_PATH}/MoPub.framework",
			);
			runOnlyForDeploymentPostprocessing = 0;
			shellPath = /bin/sh;
			shellScript = "\"${SRCROOT}/Pods/Target Support Files/Pods-ADXLibrary_iOSSample_Swift/Pods-ADXLibrary_iOSSample_Swift-frameworks.sh\"\n";
			showEnvVarsInLog = 0;
		};
		AAD54C37840A65EF4F81E39A /* [CP] Check Pods Manifest.lock */ = {
			isa = PBXShellScriptBuildPhase;
			buildActionMask = 2147483647;
			files = (
			);
			inputPaths = (
				"${PODS_PODFILE_DIR_PATH}/Podfile.lock",
				"${PODS_ROOT}/Manifest.lock",
			);
			name = "[CP] Check Pods Manifest.lock";
			outputPaths = (
				"$(DERIVED_FILE_DIR)/Pods-ADXLibrary_iOSSample_Swift-checkManifestLockResult.txt",
			);
			runOnlyForDeploymentPostprocessing = 0;
			shellPath = /bin/sh;
			shellScript = "diff \"${PODS_PODFILE_DIR_PATH}/Podfile.lock\" \"${PODS_ROOT}/Manifest.lock\" > /dev/null\nif [ $? != 0 ] ; then\n    # print error to STDERR\n    echo \"error: The sandbox is not in sync with the Podfile.lock. Run 'pod install' or update your CocoaPods installation.\" >&2\n    exit 1\nfi\n# This output is used by Xcode 'outputs' to avoid re-running this script phase.\necho \"SUCCESS\" > \"${SCRIPT_OUTPUT_FILE_0}\"\n";
			showEnvVarsInLog = 0;
		};
/* End PBXShellScriptBuildPhase section */

/* Begin PBXSourcesBuildPhase section */
		FD0D727A20185A830054F766 /* Sources */ = {
			isa = PBXSourcesBuildPhase;
			buildActionMask = 2147483647;
			files = (
				FD0D728420185A830054F766 /* ViewController.swift in Sources */,
				FDE5F50C2077633A00D14429 /* ADXRewardViewController.swift in Sources */,
				FD7B2771201861F1008DC676 /* ADXNativeAdPlacerViewController.swift in Sources */,
				FD7B276D201861C7008DC676 /* ADXFullScreenViewController.swift in Sources */,
				FD7B276F201861DC008DC676 /* ADXNativeAdViewController.swift in Sources */,
				FD0D728220185A830054F766 /* AppDelegate.swift in Sources */,
				FD7B276B201861B5008DC676 /* ADXBannerViewController.swift in Sources */,
				FDE5F50E207763DB00D14429 /* ADXAppWallViewController.swift in Sources */,
				FDBEFB4A20188968004155D0 /* NativeView.swift in Sources */,
			);
			runOnlyForDeploymentPostprocessing = 0;
		};
/* End PBXSourcesBuildPhase section */

/* Begin PBXVariantGroup section */
		FD0D728520185A830054F766 /* Main.storyboard */ = {
			isa = PBXVariantGroup;
			children = (
				FD0D728620185A830054F766 /* Base */,
			);
			name = Main.storyboard;
			sourceTree = "<group>";
		};
		FD0D728A20185A830054F766 /* LaunchScreen.storyboard */ = {
			isa = PBXVariantGroup;
			children = (
				FD0D728B20185A830054F766 /* Base */,
			);
			name = LaunchScreen.storyboard;
			sourceTree = "<group>";
		};
/* End PBXVariantGroup section */

/* Begin XCBuildConfiguration section */
		FD0D728E20185A830054F766 /* Debug */ = {
			isa = XCBuildConfiguration;
			buildSettings = {
				ALWAYS_SEARCH_USER_PATHS = NO;
				CLANG_ANALYZER_NONNULL = YES;
				CLANG_ANALYZER_NUMBER_OBJECT_CONVERSION = YES_AGGRESSIVE;
				CLANG_CXX_LANGUAGE_STANDARD = "gnu++14";
				CLANG_CXX_LIBRARY = "libc++";
				CLANG_ENABLE_MODULES = YES;
				CLANG_ENABLE_OBJC_ARC = YES;
				CLANG_WARN_BLOCK_CAPTURE_AUTORELEASING = YES;
				CLANG_WARN_BOOL_CONVERSION = YES;
				CLANG_WARN_COMMA = YES;
				CLANG_WARN_CONSTANT_CONVERSION = YES;
				CLANG_WARN_DIRECT_OBJC_ISA_USAGE = YES_ERROR;
				CLANG_WARN_DOCUMENTATION_COMMENTS = YES;
				CLANG_WARN_EMPTY_BODY = YES;
				CLANG_WARN_ENUM_CONVERSION = YES;
				CLANG_WARN_INFINITE_RECURSION = YES;
				CLANG_WARN_INT_CONVERSION = YES;
				CLANG_WARN_NON_LITERAL_NULL_CONVERSION = YES;
				CLANG_WARN_OBJC_LITERAL_CONVERSION = YES;
				CLANG_WARN_OBJC_ROOT_CLASS = YES_ERROR;
				CLANG_WARN_RANGE_LOOP_ANALYSIS = YES;
				CLANG_WARN_STRICT_PROTOTYPES = YES;
				CLANG_WARN_SUSPICIOUS_MOVE = YES;
				CLANG_WARN_UNGUARDED_AVAILABILITY = YES_AGGRESSIVE;
				CLANG_WARN_UNREACHABLE_CODE = YES;
				CLANG_WARN__DUPLICATE_METHOD_MATCH = YES;
				CODE_SIGN_IDENTITY = "iPhone Developer";
				COPY_PHASE_STRIP = NO;
				DEBUG_INFORMATION_FORMAT = dwarf;
				ENABLE_STRICT_OBJC_MSGSEND = YES;
				ENABLE_TESTABILITY = YES;
				GCC_C_LANGUAGE_STANDARD = gnu11;
				GCC_DYNAMIC_NO_PIC = NO;
				GCC_NO_COMMON_BLOCKS = YES;
				GCC_OPTIMIZATION_LEVEL = 0;
				GCC_PREPROCESSOR_DEFINITIONS = (
					"DEBUG=1",
					"$(inherited)",
				);
				GCC_WARN_64_TO_32_BIT_CONVERSION = YES;
				GCC_WARN_ABOUT_RETURN_TYPE = YES_ERROR;
				GCC_WARN_UNDECLARED_SELECTOR = YES;
				GCC_WARN_UNINITIALIZED_AUTOS = YES_AGGRESSIVE;
				GCC_WARN_UNUSED_FUNCTION = YES;
				GCC_WARN_UNUSED_VARIABLE = YES;
				IPHONEOS_DEPLOYMENT_TARGET = 9.0;
				MTL_ENABLE_DEBUG_INFO = YES;
				ONLY_ACTIVE_ARCH = YES;
				SDKROOT = iphoneos;
				SWIFT_ACTIVE_COMPILATION_CONDITIONS = DEBUG;
				SWIFT_OPTIMIZATION_LEVEL = "-Onone";
			};
			name = Debug;
		};
		FD0D728F20185A830054F766 /* Release */ = {
			isa = XCBuildConfiguration;
			buildSettings = {
				ALWAYS_SEARCH_USER_PATHS = NO;
				CLANG_ANALYZER_NONNULL = YES;
				CLANG_ANALYZER_NUMBER_OBJECT_CONVERSION = YES_AGGRESSIVE;
				CLANG_CXX_LANGUAGE_STANDARD = "gnu++14";
				CLANG_CXX_LIBRARY = "libc++";
				CLANG_ENABLE_MODULES = YES;
				CLANG_ENABLE_OBJC_ARC = YES;
				CLANG_WARN_BLOCK_CAPTURE_AUTORELEASING = YES;
				CLANG_WARN_BOOL_CONVERSION = YES;
				CLANG_WARN_COMMA = YES;
				CLANG_WARN_CONSTANT_CONVERSION = YES;
				CLANG_WARN_DIRECT_OBJC_ISA_USAGE = YES_ERROR;
				CLANG_WARN_DOCUMENTATION_COMMENTS = YES;
				CLANG_WARN_EMPTY_BODY = YES;
				CLANG_WARN_ENUM_CONVERSION = YES;
				CLANG_WARN_INFINITE_RECURSION = YES;
				CLANG_WARN_INT_CONVERSION = YES;
				CLANG_WARN_NON_LITERAL_NULL_CONVERSION = YES;
				CLANG_WARN_OBJC_LITERAL_CONVERSION = YES;
				CLANG_WARN_OBJC_ROOT_CLASS = YES_ERROR;
				CLANG_WARN_RANGE_LOOP_ANALYSIS = YES;
				CLANG_WARN_STRICT_PROTOTYPES = YES;
				CLANG_WARN_SUSPICIOUS_MOVE = YES;
				CLANG_WARN_UNGUARDED_AVAILABILITY = YES_AGGRESSIVE;
				CLANG_WARN_UNREACHABLE_CODE = YES;
				CLANG_WARN__DUPLICATE_METHOD_MATCH = YES;
				CODE_SIGN_IDENTITY = "iPhone Developer";
				COPY_PHASE_STRIP = NO;
				DEBUG_INFORMATION_FORMAT = "dwarf-with-dsym";
				ENABLE_NS_ASSERTIONS = NO;
				ENABLE_STRICT_OBJC_MSGSEND = YES;
				GCC_C_LANGUAGE_STANDARD = gnu11;
				GCC_NO_COMMON_BLOCKS = YES;
				GCC_WARN_64_TO_32_BIT_CONVERSION = YES;
				GCC_WARN_ABOUT_RETURN_TYPE = YES_ERROR;
				GCC_WARN_UNDECLARED_SELECTOR = YES;
				GCC_WARN_UNINITIALIZED_AUTOS = YES_AGGRESSIVE;
				GCC_WARN_UNUSED_FUNCTION = YES;
				GCC_WARN_UNUSED_VARIABLE = YES;
				IPHONEOS_DEPLOYMENT_TARGET = 9.0;
				MTL_ENABLE_DEBUG_INFO = NO;
				SDKROOT = iphoneos;
				SWIFT_OPTIMIZATION_LEVEL = "-Owholemodule";
				VALIDATE_PRODUCT = YES;
			};
			name = Release;
		};
		FD0D729120185A830054F766 /* Debug */ = {
			isa = XCBuildConfiguration;
			baseConfigurationReference = F385CEB2A965661614E6B73E /* Pods-ADXLibrary_iOSSample_Swift.debug.xcconfig */;
			buildSettings = {
				ASSETCATALOG_COMPILER_APPICON_NAME = AppIcon;
				CLANG_ENABLE_MODULES = YES;
				"CODE_SIGN_IDENTITY[sdk=iphoneos*]" = "iPhone Developer";
				CODE_SIGN_STYLE = Automatic;
				DEVELOPMENT_TEAM = YVMJ6K47RJ;
				ENABLE_BITCODE = NO;
				FRAMEWORK_SEARCH_PATHS = (
					"$(inherited)",
					"$(PROJECT_DIR)/Pods/ADXLibrary/ADXLibrary/Dependencies",
				);
				INFOPLIST_FILE = ADXLibrary_iOSSample_Swift/Info.plist;
				IPHONEOS_DEPLOYMENT_TARGET = 8.0;
				LD_RUNPATH_SEARCH_PATHS = "$(inherited) @executable_path/Frameworks";
				OTHER_LDFLAGS = (
					"$(inherited)",
					"-ObjC",
					"-framework",
					"\"ADXLibrary\"",
					"-framework",
					"\"MoPub\"",
					"-framework",
					"\"CTSDK\"",
				);
				PRODUCT_BUNDLE_IDENTIFIER = com.adxcorp.adxdev;
				PRODUCT_NAME = "$(TARGET_NAME)";
				PROVISIONING_PROFILE_SPECIFIER = "";
				SWIFT_OBJC_BRIDGING_HEADER = "";
				SWIFT_OPTIMIZATION_LEVEL = "-Onone";
				SWIFT_VERSION = 4.0;
				TARGETED_DEVICE_FAMILY = "1,2";
			};
			name = Debug;
		};
		FD0D729220185A830054F766 /* Release */ = {
			isa = XCBuildConfiguration;
			baseConfigurationReference = E4FA98721727C97E25DD0A2B /* Pods-ADXLibrary_iOSSample_Swift.release.xcconfig */;
			buildSettings = {
				ASSETCATALOG_COMPILER_APPICON_NAME = AppIcon;
				CLANG_ENABLE_MODULES = YES;
				"CODE_SIGN_IDENTITY[sdk=iphoneos*]" = "iPhone Developer";
				CODE_SIGN_STYLE = Automatic;
				DEVELOPMENT_TEAM = YVMJ6K47RJ;
				ENABLE_BITCODE = NO;
				FRAMEWORK_SEARCH_PATHS = (
					"$(inherited)",
					"$(PROJECT_DIR)/Pods/ADXLibrary/ADXLibrary/Dependencies",
				);
				INFOPLIST_FILE = ADXLibrary_iOSSample_Swift/Info.plist;
				IPHONEOS_DEPLOYMENT_TARGET = 8.0;
				LD_RUNPATH_SEARCH_PATHS = "$(inherited) @executable_path/Frameworks";
				OTHER_LDFLAGS = (
					"$(inherited)",
					"-ObjC",
					"-framework",
					"\"ADXLibrary\"",
					"-framework",
					"\"MoPub\"",
					"-framework",
					"\"CTSDK\"",
				);
				PRODUCT_BUNDLE_IDENTIFIER = com.adxcorp.adxdev;
				PRODUCT_NAME = "$(TARGET_NAME)";
				PROVISIONING_PROFILE_SPECIFIER = "";
				SWIFT_OBJC_BRIDGING_HEADER = "";
				SWIFT_VERSION = 4.0;
				TARGETED_DEVICE_FAMILY = "1,2";
			};
			name = Release;
		};
/* End XCBuildConfiguration section */

/* Begin XCConfigurationList section */
		FD0D727920185A830054F766 /* Build configuration list for PBXProject "ADXLibrary_iOSSample_Swift" */ = {
			isa = XCConfigurationList;
			buildConfigurations = (
				FD0D728E20185A830054F766 /* Debug */,
				FD0D728F20185A830054F766 /* Release */,
			);
			defaultConfigurationIsVisible = 0;
			defaultConfigurationName = Release;
		};
		FD0D729020185A830054F766 /* Build configuration list for PBXNativeTarget "ADXLibrary_iOSSample_Swift" */ = {
			isa = XCConfigurationList;
			buildConfigurations = (
				FD0D729120185A830054F766 /* Debug */,
				FD0D729220185A830054F766 /* Release */,
			);
			defaultConfigurationIsVisible = 0;
			defaultConfigurationName = Release;
		};
/* End XCConfigurationList section */
	};
	rootObject = FD0D727620185A830054F766 /* Project object */;
}
